// !$*UTF8*$!
{
	archiveVersion = 1;
	classes = {
	};
	objectVersion = 56;
	objects = {

/* Begin PBXBuildFile section */
		67618F2C2C90191A00BB2825 /* chatProgramApp.swift in Sources */ = {isa = PBXBuildFile; fileRef = 67618F2B2C90191A00BB2825 /* chatProgramApp.swift */; };
		67618F2E2C90191A00BB2825 /* ContentView.swift in Sources */ = {isa = PBXBuildFile; fileRef = 67618F2D2C90191A00BB2825 /* ContentView.swift */; };
		67618F302C90191C00BB2825 /* Assets.xcassets in Resources */ = {isa = PBXBuildFile; fileRef = 67618F2F2C90191C00BB2825 /* Assets.xcassets */; };
		67618F332C90191C00BB2825 /* Preview Assets.xcassets in Resources */ = {isa = PBXBuildFile; fileRef = 67618F322C90191C00BB2825 /* Preview Assets.xcassets */; };
		67618F3D2C90191C00BB2825 /* chatProgramTests.swift in Sources */ = {isa = PBXBuildFile; fileRef = 67618F3C2C90191C00BB2825 /* chatProgramTests.swift */; };
		67618F472C90191C00BB2825 /* chatProgramUITests.swift in Sources */ = {isa = PBXBuildFile; fileRef = 67618F462C90191C00BB2825 /* chatProgramUITests.swift */; };
		67618F492C90191C00BB2825 /* chatProgramUITestsLaunchTests.swift in Sources */ = {isa = PBXBuildFile; fileRef = 67618F482C90191C00BB2825 /* chatProgramUITestsLaunchTests.swift */; };
		67618F572C90194D00BB2825 /* TitleRow.swift in Sources */ = {isa = PBXBuildFile; fileRef = 67618F562C90194D00BB2825 /* TitleRow.swift */; };
		67618F5A2C903CBB00BB2825 /* Message.swift in Sources */ = {isa = PBXBuildFile; fileRef = 67618F592C903CBB00BB2825 /* Message.swift */; };
		67618F5C2C903D9100BB2825 /* MessageBubble.swift in Sources */ = {isa = PBXBuildFile; fileRef = 67618F5B2C903D9100BB2825 /* MessageBubble.swift */; };
		67618F5E2C90575600BB2825 /* Extension.swift in Sources */ = {isa = PBXBuildFile; fileRef = 67618F5D2C90575600BB2825 /* Extension.swift */; };
		677EE4D52C905B2C001A0644 /* MessageField.swift in Sources */ = {isa = PBXBuildFile; fileRef = 677EE4D42C905B2C001A0644 /* MessageField.swift */; };
		677EE4DA2C9062F4001A0644 /* FirebaseFirestore in Frameworks */ = {isa = PBXBuildFile; productRef = 677EE4D92C9062F4001A0644 /* FirebaseFirestore */; };
		677EE4DC2C90724E001A0644 /* MessageManager.swift in Sources */ = {isa = PBXBuildFile; fileRef = 677EE4DB2C90724E001A0644 /* MessageManager.swift */; };
		677EE4DE2C907C0A001A0644 /* GoogleService-Info.plist in Resources */ = {isa = PBXBuildFile; fileRef = 677EE4DD2C907C0A001A0644 /* GoogleService-Info.plist */; };
/* End PBXBuildFile section */

/* Begin PBXContainerItemProxy section */
		67618F392C90191C00BB2825 /* PBXContainerItemProxy */ = {
			isa = PBXContainerItemProxy;
			containerPortal = 67618F202C90191A00BB2825 /* Project object */;
			proxyType = 1;
			remoteGlobalIDString = 67618F272C90191A00BB2825;
			remoteInfo = chatProgram;
		};
		67618F432C90191C00BB2825 /* PBXContainerItemProxy */ = {
			isa = PBXContainerItemProxy;
			containerPortal = 67618F202C90191A00BB2825 /* Project object */;
			proxyType = 1;
			remoteGlobalIDString = 67618F272C90191A00BB2825;
			remoteInfo = chatProgram;
		};
/* End PBXContainerItemProxy section */

/* Begin PBXFileReference section */
		67618F282C90191A00BB2825 /* chatProgram.app */ = {isa = PBXFileReference; explicitFileType = wrapper.application; includeInIndex = 0; path = chatProgram.app; sourceTree = BUILT_PRODUCTS_DIR; };
		67618F2B2C90191A00BB2825 /* chatProgramApp.swift */ = {isa = PBXFileReference; lastKnownFileType = sourcecode.swift; path = chatProgramApp.swift; sourceTree = "<group>"; };
		67618F2D2C90191A00BB2825 /* ContentView.swift */ = {isa = PBXFileReference; lastKnownFileType = sourcecode.swift; path = ContentView.swift; sourceTree = "<group>"; };
		67618F2F2C90191C00BB2825 /* Assets.xcassets */ = {isa = PBXFileReference; lastKnownFileType = folder.assetcatalog; path = Assets.xcassets; sourceTree = "<group>"; };
		67618F322C90191C00BB2825 /* Preview Assets.xcassets */ = {isa = PBXFileReference; lastKnownFileType = folder.assetcatalog; path = "Preview Assets.xcassets"; sourceTree = "<group>"; };
		67618F382C90191C00BB2825 /* chatProgramTests.xctest */ = {isa = PBXFileReference; explicitFileType = wrapper.cfbundle; includeInIndex = 0; path = chatProgramTests.xctest; sourceTree = BUILT_PRODUCTS_DIR; };
		67618F3C2C90191C00BB2825 /* chatProgramTests.swift */ = {isa = PBXFileReference; lastKnownFileType = sourcecode.swift; path = chatProgramTests.swift; sourceTree = "<group>"; };
		67618F422C90191C00BB2825 /* chatProgramUITests.xctest */ = {isa = PBXFileReference; explicitFileType = wrapper.cfbundle; includeInIndex = 0; path = chatProgramUITests.xctest; sourceTree = BUILT_PRODUCTS_DIR; };
		67618F462C90191C00BB2825 /* chatProgramUITests.swift */ = {isa = PBXFileReference; lastKnownFileType = sourcecode.swift; path = chatProgramUITests.swift; sourceTree = "<group>"; };
		67618F482C90191C00BB2825 /* chatProgramUITestsLaunchTests.swift */ = {isa = PBXFileReference; lastKnownFileType = sourcecode.swift; path = chatProgramUITestsLaunchTests.swift; sourceTree = "<group>"; };
		67618F562C90194D00BB2825 /* TitleRow.swift */ = {isa = PBXFileReference; lastKnownFileType = sourcecode.swift; path = TitleRow.swift; sourceTree = "<group>"; };
		67618F592C903CBB00BB2825 /* Message.swift */ = {isa = PBXFileReference; lastKnownFileType = sourcecode.swift; path = Message.swift; sourceTree = "<group>"; };
		67618F5B2C903D9100BB2825 /* MessageBubble.swift */ = {isa = PBXFileReference; lastKnownFileType = sourcecode.swift; path = MessageBubble.swift; sourceTree = "<group>"; };
		67618F5D2C90575600BB2825 /* Extension.swift */ = {isa = PBXFileReference; lastKnownFileType = sourcecode.swift; path = Extension.swift; sourceTree = "<group>"; };
		677EE4D42C905B2C001A0644 /* MessageField.swift */ = {isa = PBXFileReference; lastKnownFileType = sourcecode.swift; path = MessageField.swift; sourceTree = "<group>"; };
		677EE4DB2C90724E001A0644 /* MessageManager.swift */ = {isa = PBXFileReference; lastKnownFileType = sourcecode.swift; path = MessageManager.swift; sourceTree = "<group>"; };
		677EE4DD2C907C0A001A0644 /* GoogleService-Info.plist */ = {isa = PBXFileReference; fileEncoding = 4; lastKnownFileType = text.plist.xml; path = "GoogleService-Info.plist"; sourceTree = "<group>"; };
/* End PBXFileReference section */

/* Begin PBXFrameworksBuildPhase section */
		67618F252C90191A00BB2825 /* Frameworks */ = {
			isa = PBXFrameworksBuildPhase;
			buildActionMask = 2147483647;
			files = (
				677EE4DA2C9062F4001A0644 /* FirebaseFirestore in Frameworks */,
			);
			runOnlyForDeploymentPostprocessing = 0;
		};
		67618F352C90191C00BB2825 /* Frameworks */ = {
			isa = PBXFrameworksBuildPhase;
			buildActionMask = 2147483647;
			files = (
			);
			runOnlyForDeploymentPostprocessing = 0;
		};
		67618F3F2C90191C00BB2825 /* Frameworks */ = {
			isa = PBXFrameworksBuildPhase;
			buildActionMask = 2147483647;
			files = (
			);
			runOnlyForDeploymentPostprocessing = 0;
		};
/* End PBXFrameworksBuildPhase section */

/* Begin PBXGroup section */
		67618F1F2C90191A00BB2825 = {
			isa = PBXGroup;
			children = (
				67618F2A2C90191A00BB2825 /* chatProgram */,
				67618F3B2C90191C00BB2825 /* chatProgramTests */,
				67618F452C90191C00BB2825 /* chatProgramUITests */,
				67618F292C90191A00BB2825 /* Products */,
			);
			sourceTree = "<group>";
		};
		67618F292C90191A00BB2825 /* Products */ = {
			isa = PBXGroup;
			children = (
				67618F282C90191A00BB2825 /* chatProgram.app */,
				67618F382C90191C00BB2825 /* chatProgramTests.xctest */,
				67618F422C90191C00BB2825 /* chatProgramUITests.xctest */,
			);
			name = Products;
			sourceTree = "<group>";
		};
		67618F2A2C90191A00BB2825 /* chatProgram */ = {
			isa = PBXGroup;
			children = (
				677EE4DD2C907C0A001A0644 /* GoogleService-Info.plist */,
				67618F2B2C90191A00BB2825 /* chatProgramApp.swift */,
				67618F2D2C90191A00BB2825 /* ContentView.swift */,
				67618F582C903C9C00BB2825 /* Model */,
				67618F552C90193A00BB2825 /* Component */,
				67618F2F2C90191C00BB2825 /* Assets.xcassets */,
				67618F312C90191C00BB2825 /* Preview Content */,
				67618F5D2C90575600BB2825 /* Extension.swift */,
				677EE4DB2C90724E001A0644 /* MessageManager.swift */,
			);
			path = chatProgram;
			sourceTree = "<group>";
		};
		67618F312C90191C00BB2825 /* Preview Content */ = {
			isa = PBXGroup;
			children = (
				67618F322C90191C00BB2825 /* Preview Assets.xcassets */,
			);
			path = "Preview Content";
			sourceTree = "<group>";
		};
		67618F3B2C90191C00BB2825 /* chatProgramTests */ = {
			isa = PBXGroup;
			children = (
				67618F3C2C90191C00BB2825 /* chatProgramTests.swift */,
			);
			path = chatProgramTests;
			sourceTree = "<group>";
		};
		67618F452C90191C00BB2825 /* chatProgramUITests */ = {
			isa = PBXGroup;
			children = (
				67618F462C90191C00BB2825 /* chatProgramUITests.swift */,
				67618F482C90191C00BB2825 /* chatProgramUITestsLaunchTests.swift */,
			);
			path = chatProgramUITests;
			sourceTree = "<group>";
		};
		67618F552C90193A00BB2825 /* Component */ = {
			isa = PBXGroup;
			children = (
				67618F562C90194D00BB2825 /* TitleRow.swift */,
				67618F5B2C903D9100BB2825 /* MessageBubble.swift */,
				677EE4D42C905B2C001A0644 /* MessageField.swift */,
			);
			path = Component;
			sourceTree = "<group>";
		};
		67618F582C903C9C00BB2825 /* Model */ = {
			isa = PBXGroup;
			children = (
				67618F592C903CBB00BB2825 /* Message.swift */,
			);
			path = Model;
			sourceTree = "<group>";
		};
/* End PBXGroup section */

/* Begin PBXNativeTarget section */
		67618F272C90191A00BB2825 /* chatProgram */ = {
			isa = PBXNativeTarget;
			buildConfigurationList = 67618F4C2C90191C00BB2825 /* Build configuration list for PBXNativeTarget "chatProgram" */;
			buildPhases = (
				67618F242C90191A00BB2825 /* Sources */,
				67618F252C90191A00BB2825 /* Frameworks */,
				67618F262C90191A00BB2825 /* Resources */,
			);
			buildRules = (
			);
			dependencies = (
			);
			name = chatProgram;
			packageProductDependencies = (
				677EE4D92C9062F4001A0644 /* FirebaseFirestore */,
			);
			productName = chatProgram;
			productReference = 67618F282C90191A00BB2825 /* chatProgram.app */;
			productType = "com.apple.product-type.application";
		};
		67618F372C90191C00BB2825 /* chatProgramTests */ = {
			isa = PBXNativeTarget;
			buildConfigurationList = 67618F4F2C90191C00BB2825 /* Build configuration list for PBXNativeTarget "chatProgramTests" */;
			buildPhases = (
				67618F342C90191C00BB2825 /* Sources */,
				67618F352C90191C00BB2825 /* Frameworks */,
				67618F362C90191C00BB2825 /* Resources */,
			);
			buildRules = (
			);
			dependencies = (
				67618F3A2C90191C00BB2825 /* PBXTargetDependency */,
			);
			name = chatProgramTests;
			productName = chatProgramTests;
			productReference = 67618F382C90191C00BB2825 /* chatProgramTests.xctest */;
			productType = "com.apple.product-type.bundle.unit-test";
		};
		67618F412C90191C00BB2825 /* chatProgramUITests */ = {
			isa = PBXNativeTarget;
			buildConfigurationList = 67618F522C90191C00BB2825 /* Build configuration list for PBXNativeTarget "chatProgramUITests" */;
			buildPhases = (
				67618F3E2C90191C00BB2825 /* Sources */,
				67618F3F2C90191C00BB2825 /* Frameworks */,
				67618F402C90191C00BB2825 /* Resources */,
			);
			buildRules = (
			);
			dependencies = (
				67618F442C90191C00BB2825 /* PBXTargetDependency */,
			);
			name = chatProgramUITests;
			productName = chatProgramUITests;
			productReference = 67618F422C90191C00BB2825 /* chatProgramUITests.xctest */;
			productType = "com.apple.product-type.bundle.ui-testing";
		};
/* End PBXNativeTarget section */

/* Begin PBXProject section */
		67618F202C90191A00BB2825 /* Project object */ = {
			isa = PBXProject;
			attributes = {
				BuildIndependentTargetsInParallel = 1;
				LastSwiftUpdateCheck = 1540;
				LastUpgradeCheck = 1540;
				TargetAttributes = {
					67618F272C90191A00BB2825 = {
						CreatedOnToolsVersion = 15.4;
					};
					67618F372C90191C00BB2825 = {
						CreatedOnToolsVersion = 15.4;
						TestTargetID = 67618F272C90191A00BB2825;
					};
					67618F412C90191C00BB2825 = {
						CreatedOnToolsVersion = 15.4;
						TestTargetID = 67618F272C90191A00BB2825;
					};
				};
			};
			buildConfigurationList = 67618F232C90191A00BB2825 /* Build configuration list for PBXProject "chatProgram" */;
			compatibilityVersion = "Xcode 14.0";
			developmentRegion = en;
			hasScannedForEncodings = 0;
			knownRegions = (
				en,
				Base,
			);
			mainGroup = 67618F1F2C90191A00BB2825;
			packageReferences = (
				677EE4D82C9062F4001A0644 /* XCRemoteSwiftPackageReference "firebase-ios-sdk" */,
			);
			productRefGroup = 67618F292C90191A00BB2825 /* Products */;
			projectDirPath = "";
			projectRoot = "";
			targets = (
				67618F272C90191A00BB2825 /* chatProgram */,
				67618F372C90191C00BB2825 /* chatProgramTests */,
				67618F412C90191C00BB2825 /* chatProgramUITests */,
			);
		};
/* End PBXProject section */

/* Begin PBXResourcesBuildPhase section */
		67618F262C90191A00BB2825 /* Resources */ = {
			isa = PBXResourcesBuildPhase;
			buildActionMask = 2147483647;
			files = (
				67618F332C90191C00BB2825 /* Preview Assets.xcassets in Resources */,
				67618F302C90191C00BB2825 /* Assets.xcassets in Resources */,
				677EE4DE2C907C0A001A0644 /* GoogleService-Info.plist in Resources */,
			);
			runOnlyForDeploymentPostprocessing = 0;
		};
		67618F362C90191C00BB2825 /* Resources */ = {
			isa = PBXResourcesBuildPhase;
			buildActionMask = 2147483647;
			files = (
			);
			runOnlyForDeploymentPostprocessing = 0;
		};
		67618F402C90191C00BB2825 /* Resources */ = {
			isa = PBXResourcesBuildPhase;
			buildActionMask = 2147483647;
			files = (
			);
			runOnlyForDeploymentPostprocessing = 0;
		};
/* End PBXResourcesBuildPhase section */

/* Begin PBXSourcesBuildPhase section */
		67618F242C90191A00BB2825 /* Sources */ = {
			isa = PBXSourcesBuildPhase;
			buildActionMask = 2147483647;
			files = (
				67618F2E2C90191A00BB2825 /* ContentView.swift in Sources */,
				67618F5A2C903CBB00BB2825 /* Message.swift in Sources */,
				67618F5C2C903D9100BB2825 /* MessageBubble.swift in Sources */,
				677EE4D52C905B2C001A0644 /* MessageField.swift in Sources */,
				67618F5E2C90575600BB2825 /* Extension.swift in Sources */,
				67618F2C2C90191A00BB2825 /* chatProgramApp.swift in Sources */,
				67618F572C90194D00BB2825 /* TitleRow.swift in Sources */,
				677EE4DC2C90724E001A0644 /* MessageManager.swift in Sources */,
			);
			runOnlyForDeploymentPostprocessing = 0;
		};
		67618F342C90191C00BB2825 /* Sources */ = {
			isa = PBXSourcesBuildPhase;
			buildActionMask = 2147483647;
			files = (
				67618F3D2C90191C00BB2825 /* chatProgramTests.swift in Sources */,
			);
			runOnlyForDeploymentPostprocessing = 0;
		};
		67618F3E2C90191C00BB2825 /* Sources */ = {
			isa = PBXSourcesBuildPhase;
			buildActionMask = 2147483647;
			files = (
				67618F472C90191C00BB2825 /* chatProgramUITests.swift in Sources */,
				67618F492C90191C00BB2825 /* chatProgramUITestsLaunchTests.swift in Sources */,
			);
			runOnlyForDeploymentPostprocessing = 0;
		};
/* End PBXSourcesBuildPhase section */

/* Begin PBXTargetDependency section */
		67618F3A2C90191C00BB2825 /* PBXTargetDependency */ = {
			isa = PBXTargetDependency;
			target = 67618F272C90191A00BB2825 /* chatProgram */;
			targetProxy = 67618F392C90191C00BB2825 /* PBXContainerItemProxy */;
		};
		67618F442C90191C00BB2825 /* PBXTargetDependency */ = {
			isa = PBXTargetDependency;
			target = 67618F272C90191A00BB2825 /* chatProgram */;
			targetProxy = 67618F432C90191C00BB2825 /* PBXContainerItemProxy */;
		};
/* End PBXTargetDependency section */

/* Begin XCBuildConfiguration section */
		67618F4A2C90191C00BB2825 /* Debug */ = {
			isa = XCBuildConfiguration;
			buildSettings = {
				ALWAYS_SEARCH_USER_PATHS = NO;
				ASSETCATALOG_COMPILER_GENERATE_SWIFT_ASSET_SYMBOL_EXTENSIONS = YES;
				CLANG_ANALYZER_NONNULL = YES;
				CLANG_ANALYZER_NUMBER_OBJECT_CONVERSION = YES_AGGRESSIVE;
				CLANG_CXX_LANGUAGE_STANDARD = "gnu++20";
				CLANG_ENABLE_MODULES = YES;
				CLANG_ENABLE_OBJC_ARC = YES;
				CLANG_ENABLE_OBJC_WEAK = YES;
				CLANG_WARN_BLOCK_CAPTURE_AUTORELEASING = YES;
				CLANG_WARN_BOOL_CONVERSION = YES;
				CLANG_WARN_COMMA = YES;
				CLANG_WARN_CONSTANT_CONVERSION = YES;
				CLANG_WARN_DEPRECATED_OBJC_IMPLEMENTATIONS = YES;
				CLANG_WARN_DIRECT_OBJC_ISA_USAGE = YES_ERROR;
				CLANG_WARN_DOCUMENTATION_COMMENTS = YES;
				CLANG_WARN_EMPTY_BODY = YES;
				CLANG_WARN_ENUM_CONVERSION = YES;
				CLANG_WARN_INFINITE_RECURSION = YES;
				CLANG_WARN_INT_CONVERSION = YES;
				CLANG_WARN_NON_LITERAL_NULL_CONVERSION = YES;
				CLANG_WARN_OBJC_IMPLICIT_RETAIN_SELF = YES;
				CLANG_WARN_OBJC_LITERAL_CONVERSION = YES;
				CLANG_WARN_OBJC_ROOT_CLASS = YES_ERROR;
				CLANG_WARN_QUOTED_INCLUDE_IN_FRAMEWORK_HEADER = YES;
				CLANG_WARN_RANGE_LOOP_ANALYSIS = YES;
				CLANG_WARN_STRICT_PROTOTYPES = YES;
				CLANG_WARN_SUSPICIOUS_MOVE = YES;
				CLANG_WARN_UNGUARDED_AVAILABILITY = YES_AGGRESSIVE;
				CLANG_WARN_UNREACHABLE_CODE = YES;
				CLANG_WARN__DUPLICATE_METHOD_MATCH = YES;
				COPY_PHASE_STRIP = NO;
				DEBUG_INFORMATION_FORMAT = dwarf;
				ENABLE_STRICT_OBJC_MSGSEND = YES;
				ENABLE_TESTABILITY = YES;
				ENABLE_USER_SCRIPT_SANDBOXING = YES;
				GCC_C_LANGUAGE_STANDARD = gnu17;
				GCC_DYNAMIC_NO_PIC = NO;
				GCC_NO_COMMON_BLOCKS = YES;
				GCC_OPTIMIZATION_LEVEL = 0;
				GCC_PREPROCESSOR_DEFINITIONS = (
					"DEBUG=1",
					"$(inherited)",
				);
				GCC_WARN_64_TO_32_BIT_CONVERSION = YES;
				GCC_WARN_ABOUT_RETURN_TYPE = YES_ERROR;
				GCC_WARN_UNDECLARED_SELECTOR = YES;
				GCC_WARN_UNINITIALIZED_AUTOS = YES_AGGRESSIVE;
				GCC_WARN_UNUSED_FUNCTION = YES;
				GCC_WARN_UNUSED_VARIABLE = YES;
				IPHONEOS_DEPLOYMENT_TARGET = 17.5;
				LOCALIZATION_PREFERS_STRING_CATALOGS = YES;
				MTL_ENABLE_DEBUG_INFO = INCLUDE_SOURCE;
				MTL_FAST_MATH = YES;
				ONLY_ACTIVE_ARCH = YES;
				SDKROOT = iphoneos;
				SWIFT_ACTIVE_COMPILATION_CONDITIONS = "DEBUG $(inherited)";
				SWIFT_OPTIMIZATION_LEVEL = "-Onone";
			};
			name = Debug;
		};
		67618F4B2C90191C00BB2825 /* Release */ = {
			isa = XCBuildConfiguration;
			buildSettings = {
				ALWAYS_SEARCH_USER_PATHS = NO;
				ASSETCATALOG_COMPILER_GENERATE_SWIFT_ASSET_SYMBOL_EXTENSIONS = YES;
				CLANG_ANALYZER_NONNULL = YES;
				CLANG_ANALYZER_NUMBER_OBJECT_CONVERSION = YES_AGGRESSIVE;
				CLANG_CXX_LANGUAGE_STANDARD = "gnu++20";
				CLANG_ENABLE_MODULES = YES;
				CLANG_ENABLE_OBJC_ARC = YES;
				CLANG_ENABLE_OBJC_WEAK = YES;
				CLANG_WARN_BLOCK_CAPTURE_AUTORELEASING = YES;
				CLANG_WARN_BOOL_CONVERSION = YES;
				CLANG_WARN_COMMA = YES;
				CLANG_WARN_CONSTANT_CONVERSION = YES;
				CLANG_WARN_DEPRECATED_OBJC_IMPLEMENTATIONS = YES;
				CLANG_WARN_DIRECT_OBJC_ISA_USAGE = YES_ERROR;
				CLANG_WARN_DOCUMENTATION_COMMENTS = YES;
				CLANG_WARN_EMPTY_BODY = YES;
				CLANG_WARN_ENUM_CONVERSION = YES;
				CLANG_WARN_INFINITE_RECURSION = YES;
				CLANG_WARN_INT_CONVERSION = YES;
				CLANG_WARN_NON_LITERAL_NULL_CONVERSION = YES;
				CLANG_WARN_OBJC_IMPLICIT_RETAIN_SELF = YES;
				CLANG_WARN_OBJC_LITERAL_CONVERSION = YES;
				CLANG_WARN_OBJC_ROOT_CLASS = YES_ERROR;
				CLANG_WARN_QUOTED_INCLUDE_IN_FRAMEWORK_HEADER = YES;
				CLANG_WARN_RANGE_LOOP_ANALYSIS = YES;
				CLANG_WARN_STRICT_PROTOTYPES = YES;
				CLANG_WARN_SUSPICIOUS_MOVE = YES;
				CLANG_WARN_UNGUARDED_AVAILABILITY = YES_AGGRESSIVE;
				CLANG_WARN_UNREACHABLE_CODE = YES;
				CLANG_WARN__DUPLICATE_METHOD_MATCH = YES;
				COPY_PHASE_STRIP = NO;
				DEBUG_INFORMATION_FORMAT = "dwarf-with-dsym";
				ENABLE_NS_ASSERTIONS = NO;
				ENABLE_STRICT_OBJC_MSGSEND = YES;
				ENABLE_USER_SCRIPT_SANDBOXING = YES;
				GCC_C_LANGUAGE_STANDARD = gnu17;
				GCC_NO_COMMON_BLOCKS = YES;
				GCC_WARN_64_TO_32_BIT_CONVERSION = YES;
				GCC_WARN_ABOUT_RETURN_TYPE = YES_ERROR;
				GCC_WARN_UNDECLARED_SELECTOR = YES;
				GCC_WARN_UNINITIALIZED_AUTOS = YES_AGGRESSIVE;
				GCC_WARN_UNUSED_FUNCTION = YES;
				GCC_WARN_UNUSED_VARIABLE = YES;
				IPHONEOS_DEPLOYMENT_TARGET = 17.5;
				LOCALIZATION_PREFERS_STRING_CATALOGS = YES;
				MTL_ENABLE_DEBUG_INFO = NO;
				MTL_FAST_MATH = YES;
				SDKROOT = iphoneos;
				SWIFT_COMPILATION_MODE = wholemodule;
				VALIDATE_PRODUCT = YES;
			};
			name = Release;
		};
		67618F4D2C90191C00BB2825 /* Debug */ = {
			isa = XCBuildConfiguration;
			buildSettings = {
				ASSETCATALOG_COMPILER_APPICON_NAME = AppIcon;
				ASSETCATALOG_COMPILER_GLOBAL_ACCENT_COLOR_NAME = AccentColor;
				CODE_SIGN_STYLE = Automatic;
				CURRENT_PROJECT_VERSION = 1;
				DEVELOPMENT_ASSET_PATHS = "\"chatProgram/Preview Content\"";
				DEVELOPMENT_TEAM = U84KVP7AF4;
				ENABLE_PREVIEWS = YES;
				GENERATE_INFOPLIST_FILE = YES;
				INFOPLIST_KEY_UIApplicationSceneManifest_Generation = YES;
				INFOPLIST_KEY_UIApplicationSupportsIndirectInputEvents = YES;
				INFOPLIST_KEY_UILaunchScreen_Generation = YES;
				INFOPLIST_KEY_UISupportedInterfaceOrientations_iPad = "UIInterfaceOrientationPortrait UIInterfaceOrientationPortraitUpsideDown UIInterfaceOrientationLandscapeLeft UIInterfaceOrientationLandscapeRight";
				INFOPLIST_KEY_UISupportedInterfaceOrientations_iPhone = "UIInterfaceOrientationPortrait UIInterfaceOrientationLandscapeLeft UIInterfaceOrientationLandscapeRight";
				LD_RUNPATH_SEARCH_PATHS = (
					"$(inherited)",
					"@executable_path/Frameworks",
				);
				MARKETING_VERSION = 1.0;
				PRODUCT_BUNDLE_IDENTIFIER = chattingApp.chatProgram;
				PRODUCT_NAME = "$(TARGET_NAME)";
				SWIFT_EMIT_LOC_STRINGS = YES;
				SWIFT_VERSION = 5.0;
				TARGETED_DEVICE_FAMILY = "1,2";
			};
			name = Debug;
		};
		67618F4E2C90191C00BB2825 /* Release */ = {
			isa = XCBuildConfiguration;
			buildSettings = {
				ASSETCATALOG_COMPILER_APPICON_NAME = AppIcon;
				ASSETCATALOG_COMPILER_GLOBAL_ACCENT_COLOR_NAME = AccentColor;
				CODE_SIGN_STYLE = Automatic;
				CURRENT_PROJECT_VERSION = 1;
				DEVELOPMENT_ASSET_PATHS = "\"chatProgram/Preview Content\"";
				DEVELOPMENT_TEAM = U84KVP7AF4;
				ENABLE_PREVIEWS = YES;
				GENERATE_INFOPLIST_FILE = YES;
				INFOPLIST_KEY_UIApplicationSceneManifest_Generation = YES;
				INFOPLIST_KEY_UIApplicationSupportsIndirectInputEvents = YES;
				INFOPLIST_KEY_UILaunchScreen_Generation = YES;
				INFOPLIST_KEY_UISupportedInterfaceOrientations_iPad = "UIInterfaceOrientationPortrait UIInterfaceOrientationPortraitUpsideDown UIInterfaceOrientationLandscapeLeft UIInterfaceOrientationLandscapeRight";
				INFOPLIST_KEY_UISupportedInterfaceOrientations_iPhone = "UIInterfaceOrientationPortrait UIInterfaceOrientationLandscapeLeft UIInterfaceOrientationLandscapeRight";
				LD_RUNPATH_SEARCH_PATHS = (
					"$(inherited)",
					"@executable_path/Frameworks",
				);
				MARKETING_VERSION = 1.0;
				PRODUCT_BUNDLE_IDENTIFIER = chattingApp.chatProgram;
				PRODUCT_NAME = "$(TARGET_NAME)";
				SWIFT_EMIT_LOC_STRINGS = YES;
				SWIFT_VERSION = 5.0;
				TARGETED_DEVICE_FAMILY = "1,2";
			};
			name = Release;
		};
		67618F502C90191C00BB2825 /* Debug */ = {
			isa = XCBuildConfiguration;
			buildSettings = {
				ALWAYS_EMBED_SWIFT_STANDARD_LIBRARIES = YES;
				BUNDLE_LOADER = "$(TEST_HOST)";
				CODE_SIGN_STYLE = Automatic;
				CURRENT_PROJECT_VERSION = 1;
				DEVELOPMENT_TEAM = U84KVP7AF4;
				GENERATE_INFOPLIST_FILE = YES;
				IPHONEOS_DEPLOYMENT_TARGET = 17.5;
				MARKETING_VERSION = 1.0;
				PRODUCT_BUNDLE_IDENTIFIER = chattingApp.chatProgramTests;
				PRODUCT_NAME = "$(TARGET_NAME)";
				SWIFT_EMIT_LOC_STRINGS = NO;
				SWIFT_VERSION = 5.0;
				TARGETED_DEVICE_FAMILY = "1,2";
				TEST_HOST = "$(BUILT_PRODUCTS_DIR)/chatProgram.app/$(BUNDLE_EXECUTABLE_FOLDER_PATH)/chatProgram";
			};
			name = Debug;
		};
		67618F512C90191C00BB2825 /* Release */ = {
			isa = XCBuildConfiguration;
			buildSettings = {
				ALWAYS_EMBED_SWIFT_STANDARD_LIBRARIES = YES;
				BUNDLE_LOADER = "$(TEST_HOST)";
				CODE_SIGN_STYLE = Automatic;
				CURRENT_PROJECT_VERSION = 1;
				DEVELOPMENT_TEAM = U84KVP7AF4;
				GENERATE_INFOPLIST_FILE = YES;
				IPHONEOS_DEPLOYMENT_TARGET = 17.5;
				MARKETING_VERSION = 1.0;
				PRODUCT_BUNDLE_IDENTIFIER = chattingApp.chatProgramTests;
				PRODUCT_NAME = "$(TARGET_NAME)";
				SWIFT_EMIT_LOC_STRINGS = NO;
				SWIFT_VERSION = 5.0;
				TARGETED_DEVICE_FAMILY = "1,2";
				TEST_HOST = "$(BUILT_PRODUCTS_DIR)/chatProgram.app/$(BUNDLE_EXECUTABLE_FOLDER_PATH)/chatProgram";
			};
			name = Release;
		};
		67618F532C90191C00BB2825 /* Debug */ = {
			isa = XCBuildConfiguration;
			buildSettings = {
				ALWAYS_EMBED_SWIFT_STANDARD_LIBRARIES = YES;
				CODE_SIGN_STYLE = Automatic;
				CURRENT_PROJECT_VERSION = 1;
				DEVELOPMENT_TEAM = U84KVP7AF4;
				GENERATE_INFOPLIST_FILE = YES;
				MARKETING_VERSION = 1.0;
				PRODUCT_BUNDLE_IDENTIFIER = chattingApp.chatProgramUITests;
				PRODUCT_NAME = "$(TARGET_NAME)";
				SWIFT_EMIT_LOC_STRINGS = NO;
				SWIFT_VERSION = 5.0;
				TARGETED_DEVICE_FAMILY = "1,2";
				TEST_TARGET_NAME = chatProgram;
			};
			name = Debug;
		};
		67618F542C90191C00BB2825 /* Release */ = {
			isa = XCBuildConfiguration;
			buildSettings = {
				ALWAYS_EMBED_SWIFT_STANDARD_LIBRARIES = YES;
				CODE_SIGN_STYLE = Automatic;
				CURRENT_PROJECT_VERSION = 1;
				DEVELOPMENT_TEAM = U84KVP7AF4;
				GENERATE_INFOPLIST_FILE = YES;
				MARKETING_VERSION = 1.0;
				PRODUCT_BUNDLE_IDENTIFIER = chattingApp.chatProgramUITests;
				PRODUCT_NAME = "$(TARGET_NAME)";
				SWIFT_EMIT_LOC_STRINGS = NO;
				SWIFT_VERSION = 5.0;
				TARGETED_DEVICE_FAMILY = "1,2";
				TEST_TARGET_NAME = chatProgram;
			};
			name = Release;
		};
/* End XCBuildConfiguration section */

/* Begin XCConfigurationList section */
		67618F232C90191A00BB2825 /* Build configuration list for PBXProject "chatProgram" */ = {
			isa = XCConfigurationList;
			buildConfigurations = (
				67618F4A2C90191C00BB2825 /* Debug */,
				67618F4B2C90191C00BB2825 /* Release */,
			);
			defaultConfigurationIsVisible = 0;
			defaultConfigurationName = Release;
		};
		67618F4C2C90191C00BB2825 /* Build configuration list for PBXNativeTarget "chatProgram" */ = {
			isa = XCConfigurationList;
			buildConfigurations = (
				67618F4D2C90191C00BB2825 /* Debug */,
				67618F4E2C90191C00BB2825 /* Release */,
			);
			defaultConfigurationIsVisible = 0;
			defaultConfigurationName = Release;
		};
		67618F4F2C90191C00BB2825 /* Build configuration list for PBXNativeTarget "chatProgramTests" */ = {
			isa = XCConfigurationList;
			buildConfigurations = (
				67618F502C90191C00BB2825 /* Debug */,
				67618F512C90191C00BB2825 /* Release */,
			);
			defaultConfigurationIsVisible = 0;
			defaultConfigurationName = Release;
		};
		67618F522C90191C00BB2825 /* Build configuration list for PBXNativeTarget "chatProgramUITests" */ = {
			isa = XCConfigurationList;
			buildConfigurations = (
				67618F532C90191C00BB2825 /* Debug */,
				67618F542C90191C00BB2825 /* Release */,
			);
			defaultConfigurationIsVisible = 0;
			defaultConfigurationName = Release;
		};
/* End XCConfigurationList section */

/* Begin XCRemoteSwiftPackageReference section */
		677EE4D82C9062F4001A0644 /* XCRemoteSwiftPackageReference "firebase-ios-sdk" */ = {
			isa = XCRemoteSwiftPackageReference;
			repositoryURL = "https://github.com/firebase/firebase-ios-sdk.git";
			requirement = {
				kind = upToNextMajorVersion;
				minimumVersion = 11.1.0;
			};
		};
/* End XCRemoteSwiftPackageReference section */

/* Begin XCSwiftPackageProductDependency section */
		677EE4D92C9062F4001A0644 /* FirebaseFirestore */ = {
			isa = XCSwiftPackageProductDependency;
			package = 677EE4D82C9062F4001A0644 /* XCRemoteSwiftPackageReference "firebase-ios-sdk" */;
			productName = FirebaseFirestore;
		};
/* End XCSwiftPackageProductDependency section */
	};
	rootObject = 67618F202C90191A00BB2825 /* Project object */;
}
